
Microsoft Visual Studio Solution File, Format Version 12.00
Project("{FAE04EC0-301F-11D3-BF4B-00C04F79EFBC}") = "BetterIW4ToDiscord", "BetterIW4ToDiscord\BetterIW4ToDiscord.csproj", "{577E3354-FF01-4326-B510-4A248B3DBF26}"
EndProject
Project("{2150E333-8FDC-42A3-9474-1A3956D46DE8}") = "SolutionItem", "SolutionItem", "{59F3A93C-5DC9-4E36-8673-A8C3CF4D36D4}"
	ProjectSection(SolutionItems) = preProject
		README.md = README.md
	EndProjectSection
EndProject
Global
	GlobalSection(SolutionConfigurationPlatforms) = preSolution
		Debug|Any CPU = Debug|Any CPU
		Release|Any CPU = Release|Any CPU
	EndGlobalSection
	GlobalSection(ProjectConfigurationPlatforms) = postSolution
		{577E3354-FF01-4326-B510-4A248B3DBF26}.Debug|Any CPU.ActiveCfg = Debug|Any CPU
		{577E3354-FF01-4326-B510-4A248B3DBF26}.Debug|Any CPU.Build.0 = Debug|Any CPU
		{577E3354-FF01-4326-B510-4A248B3DBF26}.Release|Any CPU.ActiveCfg = Release|Any CPU
		{577E3354-FF01-4326-B510-4A248B3DBF26}.Release|Any CPU.Build.0 = Release|Any CPU
	EndGlobalSection
EndGlobal
